
Microsoft Visual Studio Solution File, Format Version 12.00
# Visual Studio 15
VisualStudioVersion = 15.0.27004.2005
MinimumVisualStudioVersion = 10.0.40219.1
Project("{8BC9CEB8-8B4A-11D0-8D11-00A0C91BC942}") = "HOOK", "HOOK\HOOK.vcxproj", "{BF8ECFCE-501D-4002-963E-C1F3FA44D723}"
EndProject
Global
	GlobalSection(SolutionConfigurationPlatforms) = preSolution
		Debug|x64 = Debug|x64
		Debug|x86 = Debug|x86
		Release|x64 = Release|x64
		Release|x86 = Release|x86
	EndGlobalSection
	GlobalSection(ProjectConfigurationPlatforms) = postSolution
		{BF8ECFCE-501D-4002-963E-C1F3FA44D723}.Debug|x64.ActiveCfg = Debug|x64
		{BF8ECFCE-501D-4002-963E-C1F3FA44D723}.Debug|x64.Build.0 = Debug|x64
		{BF8ECFCE-501D-4002-963E-C1F3FA44D723}.Debug|x86.ActiveCfg = Debug|Win32
		{BF8ECFCE-501D-4002-963E-C1F3FA44D723}.Debug|x86.Build.0 = Debug|Win32
		{BF8ECFCE-501D-4002-963E-C1F3FA44D723}.Release|x64.ActiveCfg = Release|x64
		{BF8ECFCE-501D-4002-963E-C1F3FA44D723}.Release|x64.Build.0 = Release|x64
		{BF8ECFCE-501D-4002-963E-C1F3FA44D723}.Release|x86.ActiveCfg = Release|Win32
		{BF8ECFCE-501D-4002-963E-C1F3FA44D723}.Release|x86.Build.0 = Release|Win32
	EndGlobalSection
	GlobalSection(SolutionProperties) = preSolution
		HideSolutionNode = FALSE
	EndGlobalSection
	GlobalSection(ExtensibilityGlobals) = postSolution
		SolutionGuid = {515F9C15-2AA0-4F28-A490-0D9CFB812FEA}
	EndGlobalSection
EndGlobal
